buf.build/gen/go/leo84927-proto/scheduler/protocolbuffers/go v1.36.11-20260320021508-a05aa57d34de.1 h1:03T7ti0uRm/da8IqzXp6Q3iT1SUCRIBUl/0OWyKcnxY=
buf.build/gen/go/leo84927-proto/scheduler/protocolbuffers/go v1.36.11-20260320021508-a05aa57d34de.1/go.mod h1:NFHp6NcKkJOUZY5R9ibniCf77ygufsvl/dCiujGXg5o=
buf.build/gen/go/leo84927-proto/scheduler/protocolbuffers/go v1.36.11-20260320024256-2c451b82b432.1 h1:Ka47JF/ILVgAIQv/ew6xA24rFNXTnmK0vGBJKhT6iqU=
buf.build/gen/go/leo84927-proto/scheduler/protocolbuffers/go v1.36.11-20260320024256-2c451b82b432.1/go.mod h1:NFHp6NcKkJOUZY5R9ibniCf77ygufsvl/dCiujGXg5o=
github.com/cenkalti/backoff/v5 v5.0.3 h1:ZN+IMa753KfX5hd8vVaMixjnqRZ3y8CuJKRKj1xcsSM=
github.com/cenkalti/backoff/v5 v5.0.3/go.mod h1:rkhZdG3JZukswDf7f0cwqPNk4K0sa+F97BxZthm/crw=
github.com/go-telegram-bot-api/telegram-bot-api/v5 v5.5.1 h1:wG8n/XJQ07TmjbITcGiUaOtXxdrINDz1b0J1w0SzqDc=
github.com/go-telegram-bot-api/telegram-bot-api/v5 v5.5.1/go.mod h1:A2S0CWkNylc2phvKXWBBdD3K0iGnDBGbzRpISP2zBl8=
github.com/google/go-cmp v0.7.0 h1:wk8382ETsv4JYUZwIsn6YpYiWiBsYLSJiTsyBybVuN8=
github.com/google/go-cmp v0.7.0/go.mod h1:pXiqmnSA92OHEEa9HXL2W4E7lf9JzCmGVUdgjX3N/iU=
github.com/joho/godotenv v1.5.1 h1:7eLL/+HRGLY0ldzfGMeQkb7vMd0as4CfYvUVzLqw0N0=
github.com/joho/godotenv v1.5.1/go.mod h1:f4LDr5Voq0i2e/R5DDNOoa2zzDfwtkZa6DnEwAbqwq4=
github.com/leo84927/rabbitmq/v2 v2.1.1 h1:p97qSrLfP41x6/2hqIxwcFlbQGEKfwlmXU73hbLZL+0=
github.com/leo84927/rabbitmq/v2 v2.1.1/go.mod h1:4+14jrJXWWigm/qWuLTi7lPRZOcIYmn2P/QamcEljxw=
github.com/rabbitmq/amqp091-go v1.10.0 h1:STpn5XsHlHGcecLmMFCtg7mqq0RnD+zFr4uzukfVhBw=
github.com/rabbitmq/amqp091-go v1.10.0/go.mod h1:Hy4jKW5kQART1u+JkDTF9YYOQUHXqMuhrgxOEeS7G4o=
github.com/shopspring/decimal v1.4.0 h1:bxl37RwXBklmTi0C79JfXCEBD1cqqHt0bbgBAGFp81k=
github.com/shopspring/decimal v1.4.0/go.mod h1:gawqmDU56v4yIKSwfBSFip1HdCCXN8/+DMd9qYNcwME=
go.uber.org/goleak v1.3.0 h1:2K3zAYmnTNqV73imy9J1T3WC+gmCePx2hEGkimedGto=
go.uber.org/goleak v1.3.0/go.mod h1:CoHD4mav9JJNrW/WLlf7HGZPjdw8EucARQHekz1X6bE=
golang.org/x/sync v0.20.0 h1:e0PTpb7pjO8GAtTs2dQ6jYa5BWYlMuX047Dco/pItO4=
golang.org/x/sync v0.20.0/go.mod h1:9xrNwdLfx4jkKbNva9FpL6vEN7evnE43NNNJQ2LF3+0=
google.golang.org/protobuf v1.36.11 h1:fV6ZwhNocDyBLK0dj+fg8ektcVegBBuEolpbTQyBNVE=
google.golang.org/protobuf v1.36.11/go.mod h1:HTf+CrKn2C3g5S8VImy6tdcUvCska2kB7j23XfzDpco=
